
Microsoft Visual Studio Solution File, Format Version 12.00
# Visual Studio 2012
Project("{A0786B88-2ADB-4C21-ABE8-AA2D79766269}") = "MyCryptoChatPHP", "MyCryptoChatPHP\MyCryptoChatPHP.phpproj", "{7E7A2F04-27FE-4C08-BA65-CB80FC649A5C}"
EndProject
Global
	GlobalSection(TeamFoundationVersionControl) = preSolution
		SccNumberOfProjects = 2
		SccEnterpriseProvider = {4CA58AB2-18FA-4F8D-95D4-32DDF27D184C}
		SccTeamFoundationServer = https://tfs.codeplex.com/tfs/tfs34
		SccLocalPath0 = .
		SccProjectUniqueName1 = MyCryptoChatPHP\\MyCryptoChatPHP.phpproj
		SccProjectName1 = MyCryptoChatPHP
		SccLocalPath1 = MyCryptoChatPHP
	EndGlobalSection
	GlobalSection(SolutionConfigurationPlatforms) = preSolution
		Debug|Any CPU = Debug|Any CPU
		Release|Any CPU = Release|Any CPU
	EndGlobalSection
	GlobalSection(ProjectConfigurationPlatforms) = postSolution
		{7E7A2F04-27FE-4C08-BA65-CB80FC649A5C}.Debug|Any CPU.ActiveCfg = Debug|Any CPU
		{7E7A2F04-27FE-4C08-BA65-CB80FC649A5C}.Debug|Any CPU.Build.0 = Debug|Any CPU
		{7E7A2F04-27FE-4C08-BA65-CB80FC649A5C}.Release|Any CPU.ActiveCfg = Release|Any CPU
		{7E7A2F04-27FE-4C08-BA65-CB80FC649A5C}.Release|Any CPU.Build.0 = Release|Any CPU
	EndGlobalSection
	GlobalSection(SolutionProperties) = preSolution
		HideSolutionNode = FALSE
	EndGlobalSection
EndGlobal
